
Microsoft Visual Studio Solution File, Format Version 12.00
# Visual Studio Version 16
VisualStudioVersion = 16.0.29920.165
MinimumVisualStudioVersion = 10.0.40219.1
Project("{FAE04EC0-301F-11D3-BF4B-00C04F79EFBC}") = "Ekaprojekti", "Ekaprojekti\Ekaprojekti.csproj", "{F5AC55FB-9096-482B-9695-B4D236DEF7DF}"
EndProject
Global
	GlobalSection(SolutionConfigurationPlatforms) = preSolution
		Debug|Any CPU = Debug|Any CPU
		Release|Any CPU = Release|Any CPU
	EndGlobalSection
	GlobalSection(ProjectConfigurationPlatforms) = postSolution
		{F5AC55FB-9096-482B-9695-B4D236DEF7DF}.Debug|Any CPU.ActiveCfg = Debug|Any CPU
		{F5AC55FB-9096-482B-9695-B4D236DEF7DF}.Debug|Any CPU.Build.0 = Debug|Any CPU
		{F5AC55FB-9096-482B-9695-B4D236DEF7DF}.Release|Any CPU.ActiveCfg = Release|Any CPU
		{F5AC55FB-9096-482B-9695-B4D236DEF7DF}.Release|Any CPU.Build.0 = Release|Any CPU
	EndGlobalSection
	GlobalSection(SolutionProperties) = preSolution
		HideSolutionNode = FALSE
	EndGlobalSection
	GlobalSection(ExtensibilityGlobals) = postSolution
		SolutionGuid = {453FCDFC-1A69-43DD-9B7A-C766CC8A92AE}
	EndGlobalSection
EndGlobal
